<?xml version="1.0" encoding="utf-8"?>
<Project ToolsVersion="4.0" xmlns="http://schemas.microsoft.com/developer/msbuild/2003">
  <ItemGroup>
    <Filter Include="Source Files">
      <UniqueIdentifier>{4FC737F1-C7A5-4376-A066-2A32D752A2FF}</UniqueIdentifier>
      <Extensions>cpp;c;cc;cxx;c++;cppm;ixx;def;odl;idl;hpj;bat;asm;asmx</Extensions>
    </Filter>
    <Filter Include="Header Files">
      <UniqueIdentifier>{93995380-89BD-4b04-88EB-625FBE52EBFB}</UniqueIdentifier>
      <Extensions>h;hh;hpp;hxx;h++;hm;inl;inc;ipp;xsd</Extensions>
    </Filter>
    <Filter Include="Resource Files">
      <UniqueIdentifier>{67DA6AB6-F800-4c08-8B7A-83BB121AAD01}</UniqueIdentifier>
      <Extensions>rc;ico;cur;bmp;dlg;rc2;rct;bin;rgs;gif;jpg;jpeg;jpe;resx;tiff;tif;png;wav;mfcribbon-ms</Extensions>
    </Filter>
  </ItemGroup>
  <ItemGroup>
    <ClInclude Include="Image.h">
      <Filter>Header Files</Filter>
    </ClInclude>
    <ClInclude Include="Size.h">
      <Filter>Header Files</Filter>
    </ClInclude>
    <ClInclude Include="Rectangle.h">
      <Filter>Header Files</Filter>
    </ClInclude>
    <ClInclude Include="Point.h">
      <Filter>Header Files</Filter>
    </ClInclude>
    <ClInclude Include="ImageProcessing.h">
      <Filter>Header Files</Filter>
    </ClInclude>
    <ClInclude Include="drawingModule.h">
      <Filter>Header Files</Filter>
    </ClInclude>
    <ClInclude Include="namespaceImgApp.h">
      <Filter>Header Files</Filter>
    </ClInclude>
  </ItemGroup>
  <ItemGroup>
    <ClCompile Include="Image.cpp">
      <Filter>Source Files</Filter>
    </ClCompile>
    <ClCompile Include="Size.cpp">
      <Filter>Source Files</Filter>
    </ClCompile>
    <ClCompile Include="Main.cpp">
      <Filter>Source Files</Filter>
    </ClCompile>
    <ClCompile Include="Rectangle.cpp">
      <Filter>Source Files</Filter>
    </ClCompile>
    <ClCompile Include="Point.cpp">
      <Filter>Source Files</Filter>
    </ClCompile>
    <ClCompile Include="ImageProcessing.cpp">
      <Filter>Source Files</Filter>
    </ClCompile>
    <ClCompile Include="drawingModule.cpp">
      <Filter>Source Files</Filter>
    </ClCompile>
  </ItemGroup>
  <ItemGroup>
    <None Include="apollonian_gasket.ascii.pgm" />
    <None Include="baboon.ascii.pgm" />
    <None Include="brain_398.ascii.pgm" />
    <None Include="fractal_tree.ascii.pgm" />
    <None Include="gator.ascii.pgm" />
    <None Include="hands.ascii.pgm" />
    <None Include="lena.ascii.pgm" />
    <None Include="mountain.ascii.pgm" />
    <None Include="saturn.ascii.pgm" />
    <None Include="venus2.ascii.pgm" />
    <None Include="RESULT.ascii.pgm">
      <Filter>Source Files</Filter>
    </None>
    <None Include="galaxy.ascii.pgm">
      <Filter>Source Files</Filter>
    </None>
  </ItemGroup>
</Project>