
Microsoft Visual Studio Solution File, Format Version 12.00
# Visual Studio Version 17
VisualStudioVersion = 17.5.33627.172
MinimumVisualStudioVersion = 10.0.40219.1
Project("{8BC9CEB8-8B4A-11D0-8D11-00A0C91BC942}") = "OOP Extra 3", "OOP Extra 3.vcxproj", "{CF127554-536A-4596-B924-24207673CBBE}"
EndProject
Global
	GlobalSection(SolutionConfigurationPlatforms) = preSolution
		Debug|x64 = Debug|x64
		Debug|x86 = Debug|x86
		Release|x64 = Release|x64
		Release|x86 = Release|x86
	EndGlobalSection
	GlobalSection(ProjectConfigurationPlatforms) = postSolution
		{CF127554-536A-4596-B924-24207673CBBE}.Debug|x64.ActiveCfg = Debug|x64
		{CF127554-536A-4596-B924-24207673CBBE}.Debug|x64.Build.0 = Debug|x64
		{CF127554-536A-4596-B924-24207673CBBE}.Debug|x86.ActiveCfg = Debug|Win32
		{CF127554-536A-4596-B924-24207673CBBE}.Debug|x86.Build.0 = Debug|Win32
		{CF127554-536A-4596-B924-24207673CBBE}.Release|x64.ActiveCfg = Release|x64
		{CF127554-536A-4596-B924-24207673CBBE}.Release|x64.Build.0 = Release|x64
		{CF127554-536A-4596-B924-24207673CBBE}.Release|x86.ActiveCfg = Release|Win32
		{CF127554-536A-4596-B924-24207673CBBE}.Release|x86.Build.0 = Release|Win32
	EndGlobalSection
	GlobalSection(SolutionProperties) = preSolution
		HideSolutionNode = FALSE
	EndGlobalSection
	GlobalSection(ExtensibilityGlobals) = postSolution
		SolutionGuid = {3E4F8F26-66CE-48B9-B997-B0F5D0E7B620}
	EndGlobalSection
EndGlobal
